
Microsoft Visual Studio Solution File, Format Version 12.00
# Visual Studio Version 16
VisualStudioVersion = 16.0.30523.141
MinimumVisualStudioVersion = 10.0.40219.1
Project("{FAE04EC0-301F-11D3-BF4B-00C04F79EFBC}") = "MyFirstApp", "MyFirstApp.csproj", "{E33F929B-629F-46B4-B3EF-BC296D6E66F6}"
EndProject
Global
	GlobalSection(SolutionConfigurationPlatforms) = preSolution
		Debug|Any CPU = Debug|Any CPU
		Release|Any CPU = Release|Any CPU
	EndGlobalSection
	GlobalSection(ProjectConfigurationPlatforms) = postSolution
		{E33F929B-629F-46B4-B3EF-BC296D6E66F6}.Debug|Any CPU.ActiveCfg = Debug|Any CPU
		{E33F929B-629F-46B4-B3EF-BC296D6E66F6}.Debug|Any CPU.Build.0 = Debug|Any CPU
		{E33F929B-629F-46B4-B3EF-BC296D6E66F6}.Release|Any CPU.ActiveCfg = Release|Any CPU
		{E33F929B-629F-46B4-B3EF-BC296D6E66F6}.Release|Any CPU.Build.0 = Release|Any CPU
	EndGlobalSection
	GlobalSection(SolutionProperties) = preSolution
		HideSolutionNode = FALSE
	EndGlobalSection
	GlobalSection(ExtensibilityGlobals) = postSolution
		SolutionGuid = {CC86004A-986C-4C73-9067-276856641C61}
	EndGlobalSection
EndGlobal
